// !$*UTF8*$!
{
	archiveVersion = 1;
	classes = {
	};
	objectVersion = 56;
	objects = {

/* Begin PBXBuildFile section */
		BB104C0929A0FB53000A176F /* RMGetAllCharactersResponse.swift in Sources */ = {isa = PBXBuildFile; fileRef = BB104C0829A0FB53000A176F /* RMGetAllCharactersResponse.swift */; };
		BB104C0B29A105FC000A176F /* RMCharacterListViewViewModel.swift in Sources */ = {isa = PBXBuildFile; fileRef = BB104C0A29A105FC000A176F /* RMCharacterListViewViewModel.swift */; };
		BB104C0D29A1075C000A176F /* RMCharacterListView.swift in Sources */ = {isa = PBXBuildFile; fileRef = BB104C0C29A1075C000A176F /* RMCharacterListView.swift */; };
		BB104C1029A118B7000A176F /* UIView + Ext.swift in Sources */ = {isa = PBXBuildFile; fileRef = BB104C0F29A118B7000A176F /* UIView + Ext.swift */; };
		BBA66A4E29D03F88007C54E1 /* RMEpisodeInfoCollectionViewCell.swift in Sources */ = {isa = PBXBuildFile; fileRef = BBA66A4D29D03F88007C54E1 /* RMEpisodeInfoCollectionViewCell.swift */; };
		BBA66A5129D03FC0007C54E1 /* RMEpisodeInfoCollectionViewCellViewModel.swift in Sources */ = {isa = PBXBuildFile; fileRef = BBA66A5029D03FC0007C54E1 /* RMEpisodeInfoCollectionViewCellViewModel.swift */; };
		BBA66A5429D0736F007C54E1 /* RMSettingsViewViewModel.swift in Sources */ = {isa = PBXBuildFile; fileRef = BBA66A5329D0736F007C54E1 /* RMSettingsViewViewModel.swift */; };
		BBA66A5629D07392007C54E1 /* RMSettingsCellViewModel.swift in Sources */ = {isa = PBXBuildFile; fileRef = BBA66A5529D07392007C54E1 /* RMSettingsCellViewModel.swift */; };
		BBA66A5829D073BE007C54E1 /* RMSettingsOption.swift in Sources */ = {isa = PBXBuildFile; fileRef = BBA66A5729D073BE007C54E1 /* RMSettingsOption.swift */; };
		BBA66A5B29D07CB7007C54E1 /* RMSettingsView.swift in Sources */ = {isa = PBXBuildFile; fileRef = BBA66A5A29D07CB7007C54E1 /* RMSettingsView.swift */; };
		BBB4139829C1A2360024C775 /* RMImageLoader.swift in Sources */ = {isa = PBXBuildFile; fileRef = BBB4139729C1A2360024C775 /* RMImageLoader.swift */; };
		BBB4139E29C48F3F0024C775 /* RMCharacterPhotoCollectionViewCell.swift in Sources */ = {isa = PBXBuildFile; fileRef = BBB4139D29C48F3F0024C775 /* RMCharacterPhotoCollectionViewCell.swift */; };
		BBB413A029C48F510024C775 /* RMCharacterEpisodeCollectionViewCell.swift in Sources */ = {isa = PBXBuildFile; fileRef = BBB4139F29C48F510024C775 /* RMCharacterEpisodeCollectionViewCell.swift */; };
		BBB413A229C48F5A0024C775 /* RMCharacterInfoCollectionViewCell.swift in Sources */ = {isa = PBXBuildFile; fileRef = BBB413A129C48F5A0024C775 /* RMCharacterInfoCollectionViewCell.swift */; };
		BBB413A429C48F6C0024C775 /* RMCharacterPhotoCollectionViewCellViewModel.swift in Sources */ = {isa = PBXBuildFile; fileRef = BBB413A329C48F6C0024C775 /* RMCharacterPhotoCollectionViewCellViewModel.swift */; };
		BBB413A829C48F800024C775 /* RMCharacterEpisodeCollectionViewCellViewModel.swift in Sources */ = {isa = PBXBuildFile; fileRef = BBB413A729C48F800024C775 /* RMCharacterEpisodeCollectionViewCellViewModel.swift */; };
		BBB413AA29C48F8E0024C775 /* RMCharacterInfoCollectionViewCellViewModel.swift in Sources */ = {isa = PBXBuildFile; fileRef = BBB413A929C48F8E0024C775 /* RMCharacterInfoCollectionViewCellViewModel.swift */; };
		BBB413AC29C5FB420024C775 /* RMEpisodeDetailViewController.swift in Sources */ = {isa = PBXBuildFile; fileRef = BBB413AB29C5FB420024C775 /* RMEpisodeDetailViewController.swift */; };
		BBC2048529D8AB21008AD052 /* RMLocationDetailViewController.swift in Sources */ = {isa = PBXBuildFile; fileRef = BBC2048429D8AB21008AD052 /* RMLocationDetailViewController.swift */; };
		BBC2048829D8AE6B008AD052 /* RMLocationDetailView.swift in Sources */ = {isa = PBXBuildFile; fileRef = BBC2048729D8AE6B008AD052 /* RMLocationDetailView.swift */; };
		BBC2048B29D8AFB3008AD052 /* RMLocationDetailViewViewModel.swift in Sources */ = {isa = PBXBuildFile; fileRef = BBC2048A29D8AFB3008AD052 /* RMLocationDetailViewViewModel.swift */; };
		BBC6EABF299822560034355F /* AppDelegate.swift in Sources */ = {isa = PBXBuildFile; fileRef = BBC6EABE299822560034355F /* AppDelegate.swift */; };
		BBC6EAC1299822560034355F /* SceneDelegate.swift in Sources */ = {isa = PBXBuildFile; fileRef = BBC6EAC0299822560034355F /* SceneDelegate.swift */; };
		BBC6EAC3299822560034355F /* RMTabBarController.swift in Sources */ = {isa = PBXBuildFile; fileRef = BBC6EAC2299822560034355F /* RMTabBarController.swift */; };
		BBC6EAC9299822560034355F /* Rick_MortyApp.xcdatamodeld in Sources */ = {isa = PBXBuildFile; fileRef = BBC6EAC7299822560034355F /* Rick_MortyApp.xcdatamodeld */; };
		BBC6EACB299822580034355F /* Assets.xcassets in Resources */ = {isa = PBXBuildFile; fileRef = BBC6EACA299822580034355F /* Assets.xcassets */; };
		BBC6EACE299822580034355F /* LaunchScreen.storyboard in Resources */ = {isa = PBXBuildFile; fileRef = BBC6EACC299822580034355F /* LaunchScreen.storyboard */; };
		BBC6EAD9299822580034355F /* Rick_MortyAppTests.swift in Sources */ = {isa = PBXBuildFile; fileRef = BBC6EAD8299822580034355F /* Rick_MortyAppTests.swift */; };
		BBC6EAE3299822580034355F /* Rick_MortyAppUITests.swift in Sources */ = {isa = PBXBuildFile; fileRef = BBC6EAE2299822580034355F /* Rick_MortyAppUITests.swift */; };
		BBC6EAE5299822580034355F /* Rick_MortyAppUITestsLaunchTests.swift in Sources */ = {isa = PBXBuildFile; fileRef = BBC6EAE4299822580034355F /* Rick_MortyAppUITestsLaunchTests.swift */; };
		BBC6EAFB299C049A0034355F /* RMCharactersViewController.swift in Sources */ = {isa = PBXBuildFile; fileRef = BBC6EAFA299C049A0034355F /* RMCharactersViewController.swift */; };
		BBC6EAFD299C04A80034355F /* RMLocationsViewController.swift in Sources */ = {isa = PBXBuildFile; fileRef = BBC6EAFC299C04A80034355F /* RMLocationsViewController.swift */; };
		BBC6EAFF299C04B20034355F /* RMEpisodesViewController.swift in Sources */ = {isa = PBXBuildFile; fileRef = BBC6EAFE299C04B20034355F /* RMEpisodesViewController.swift */; };
		BBC6EB01299C04BB0034355F /* RMSettingsViewController.swift in Sources */ = {isa = PBXBuildFile; fileRef = BBC6EB00299C04BB0034355F /* RMSettingsViewController.swift */; };
		BBC6EB03299C05620034355F /* RMLocation.swift in Sources */ = {isa = PBXBuildFile; fileRef = BBC6EB02299C05620034355F /* RMLocation.swift */; };
		BBC6EB05299C05690034355F /* RMEpisode.swift in Sources */ = {isa = PBXBuildFile; fileRef = BBC6EB04299C05690034355F /* RMEpisode.swift */; };
		BBC6EB07299C05710034355F /* RMCharacter.swift in Sources */ = {isa = PBXBuildFile; fileRef = BBC6EB06299C05710034355F /* RMCharacter.swift */; };
		BBC6EB09299D0A050034355F /* RMService.swift in Sources */ = {isa = PBXBuildFile; fileRef = BBC6EB08299D0A050034355F /* RMService.swift */; };
		BBC6EB0B299D0A100034355F /* RMRequest.swift in Sources */ = {isa = PBXBuildFile; fileRef = BBC6EB0A299D0A100034355F /* RMRequest.swift */; };
		BBC6EB0D299D0A1C0034355F /* RMEndpoint.swift in Sources */ = {isa = PBXBuildFile; fileRef = BBC6EB0C299D0A1C0034355F /* RMEndpoint.swift */; };
		BBCD282629A3AAE700085236 /* RMCharacterCollectionViewCell.swift in Sources */ = {isa = PBXBuildFile; fileRef = BBCD282529A3AAE700085236 /* RMCharacterCollectionViewCell.swift */; };
		BBCD282829A3AC4900085236 /* RMCharacterCollectionViewCellViewModel.swift in Sources */ = {isa = PBXBuildFile; fileRef = BBCD282729A3AC4900085236 /* RMCharacterCollectionViewCellViewModel.swift */; };
		BBE104D029D45C890085C2F0 /* RMLocationView.swift in Sources */ = {isa = PBXBuildFile; fileRef = BBE104CF29D45C890085C2F0 /* RMLocationView.swift */; };
		BBE104D329D462A20085C2F0 /* RMLocationViewViewModel.swift in Sources */ = {isa = PBXBuildFile; fileRef = BBE104D229D462A20085C2F0 /* RMLocationViewViewModel.swift */; };
		BBE104D529D46B180085C2F0 /* RMGetAllLocationsResponse.swift in Sources */ = {isa = PBXBuildFile; fileRef = BBE104D429D46B180085C2F0 /* RMGetAllLocationsResponse.swift */; };
		BBE104D729D617C50085C2F0 /* RMLocationTableViewCell.swift in Sources */ = {isa = PBXBuildFile; fileRef = BBE104D629D617C50085C2F0 /* RMLocationTableViewCell.swift */; };
		BBE104D929D6182F0085C2F0 /* RMLocationTableViewCellViewModel.swift in Sources */ = {isa = PBXBuildFile; fileRef = BBE104D829D6182F0085C2F0 /* RMLocationTableViewCellViewModel.swift */; };
		BBE9788E29B36424007FA744 /* RMCharacterDetailViewController.swift in Sources */ = {isa = PBXBuildFile; fileRef = BBE9788D29B36424007FA744 /* RMCharacterDetailViewController.swift */; };
		BBE9789029B364F4007FA744 /* RMCharacterDetailView.swift in Sources */ = {isa = PBXBuildFile; fileRef = BBE9788F29B364F4007FA744 /* RMCharacterDetailView.swift */; };
		BBE9789229B3650F007FA744 /* RMCharacterDetailViewViewModel.swift in Sources */ = {isa = PBXBuildFile; fileRef = BBE9789129B3650F007FA744 /* RMCharacterDetailViewViewModel.swift */; };
		BBE9789429B37572007FA744 /* RMFooterLoadingCollectionReusableView.swift in Sources */ = {isa = PBXBuildFile; fileRef = BBE9789329B37572007FA744 /* RMFooterLoadingCollectionReusableView.swift */; };
		BBF59BF529CC60EE00676DEB /* RMAPICacheManager.swift in Sources */ = {isa = PBXBuildFile; fileRef = BBF59BF429CC60EE00676DEB /* RMAPICacheManager.swift */; };
		BBF59BF729CC659400676DEB /* RMEpisodeDetailView.swift in Sources */ = {isa = PBXBuildFile; fileRef = BBF59BF629CC659400676DEB /* RMEpisodeDetailView.swift */; };
		BBF59BF929CC65CF00676DEB /* RMEpisodeDetailViewViewModel.swift in Sources */ = {isa = PBXBuildFile; fileRef = BBF59BF829CC65CF00676DEB /* RMEpisodeDetailViewViewModel.swift */; };
		BBF59BFF29CC7D5000676DEB /* RMEpisodeListView.swift in Sources */ = {isa = PBXBuildFile; fileRef = BBF59BFE29CC7D5000676DEB /* RMEpisodeListView.swift */; };
		BBF59C0129CC7F3400676DEB /* RMEpisodeListViewViewModel.swift in Sources */ = {isa = PBXBuildFile; fileRef = BBF59C0029CC7F3400676DEB /* RMEpisodeListViewViewModel.swift */; };
		BBF59C0329CC86C300676DEB /* RMGetAllEpisodesResponse.swift in Sources */ = {isa = PBXBuildFile; fileRef = BBF59C0229CC86C300676DEB /* RMGetAllEpisodesResponse.swift */; };
		BBF59C0529CC937E00676DEB /* RMSearchViewController.swift in Sources */ = {isa = PBXBuildFile; fileRef = BBF59C0429CC937E00676DEB /* RMSearchViewController.swift */; };
		BBFA3A68299D11EB00C921D0 /* RMOrigin.swift in Sources */ = {isa = PBXBuildFile; fileRef = BBFA3A67299D11EB00C921D0 /* RMOrigin.swift */; };
		BBFA3A6A299D121A00C921D0 /* RMSingleLocation.swift in Sources */ = {isa = PBXBuildFile; fileRef = BBFA3A69299D121A00C921D0 /* RMSingleLocation.swift */; };
		BBFA3A6C299D13BA00C921D0 /* RMCharacterStatus.swift in Sources */ = {isa = PBXBuildFile; fileRef = BBFA3A6B299D13BA00C921D0 /* RMCharacterStatus.swift */; };
		BBFA3A6E299D145C00C921D0 /* RMCharacterGender.swift in Sources */ = {isa = PBXBuildFile; fileRef = BBFA3A6D299D145C00C921D0 /* RMCharacterGender.swift */; };
/* End PBXBuildFile section */

/* Begin PBXContainerItemProxy section */
		BBC6EAD5299822580034355F /* PBXContainerItemProxy */ = {
			isa = PBXContainerItemProxy;
			containerPortal = BBC6EAB3299822560034355F /* Project object */;
			proxyType = 1;
			remoteGlobalIDString = BBC6EABA299822560034355F;
			remoteInfo = "Rick&MortyApp";
		};
		BBC6EADF299822580034355F /* PBXContainerItemProxy */ = {
			isa = PBXContainerItemProxy;
			containerPortal = BBC6EAB3299822560034355F /* Project object */;
			proxyType = 1;
			remoteGlobalIDString = BBC6EABA299822560034355F;
			remoteInfo = "Rick&MortyApp";
		};
/* End PBXContainerItemProxy section */

/* Begin PBXFileReference section */
		BB104C0829A0FB53000A176F /* RMGetAllCharactersResponse.swift */ = {isa = PBXFileReference; lastKnownFileType = sourcecode.swift; path = RMGetAllCharactersResponse.swift; sourceTree = "<group>"; };
		BB104C0A29A105FC000A176F /* RMCharacterListViewViewModel.swift */ = {isa = PBXFileReference; lastKnownFileType = sourcecode.swift; path = RMCharacterListViewViewModel.swift; sourceTree = "<group>"; };
		BB104C0C29A1075C000A176F /* RMCharacterListView.swift */ = {isa = PBXFileReference; lastKnownFileType = sourcecode.swift; path = RMCharacterListView.swift; sourceTree = "<group>"; };
		BB104C0F29A118B7000A176F /* UIView + Ext.swift */ = {isa = PBXFileReference; lastKnownFileType = sourcecode.swift; path = "UIView + Ext.swift"; sourceTree = "<group>"; };
		BBA66A4D29D03F88007C54E1 /* RMEpisodeInfoCollectionViewCell.swift */ = {isa = PBXFileReference; lastKnownFileType = sourcecode.swift; path = RMEpisodeInfoCollectionViewCell.swift; sourceTree = "<group>"; };
		BBA66A5029D03FC0007C54E1 /* RMEpisodeInfoCollectionViewCellViewModel.swift */ = {isa = PBXFileReference; lastKnownFileType = sourcecode.swift; path = RMEpisodeInfoCollectionViewCellViewModel.swift; sourceTree = "<group>"; };
		BBA66A5329D0736F007C54E1 /* RMSettingsViewViewModel.swift */ = {isa = PBXFileReference; lastKnownFileType = sourcecode.swift; path = RMSettingsViewViewModel.swift; sourceTree = "<group>"; };
		BBA66A5529D07392007C54E1 /* RMSettingsCellViewModel.swift */ = {isa = PBXFileReference; lastKnownFileType = sourcecode.swift; path = RMSettingsCellViewModel.swift; sourceTree = "<group>"; };
		BBA66A5729D073BE007C54E1 /* RMSettingsOption.swift */ = {isa = PBXFileReference; lastKnownFileType = sourcecode.swift; path = RMSettingsOption.swift; sourceTree = "<group>"; };
		BBA66A5A29D07CB7007C54E1 /* RMSettingsView.swift */ = {isa = PBXFileReference; lastKnownFileType = sourcecode.swift; path = RMSettingsView.swift; sourceTree = "<group>"; };
		BBB4139729C1A2360024C775 /* RMImageLoader.swift */ = {isa = PBXFileReference; lastKnownFileType = sourcecode.swift; path = RMImageLoader.swift; sourceTree = "<group>"; };
		BBB4139D29C48F3F0024C775 /* RMCharacterPhotoCollectionViewCell.swift */ = {isa = PBXFileReference; lastKnownFileType = sourcecode.swift; path = RMCharacterPhotoCollectionViewCell.swift; sourceTree = "<group>"; };
		BBB4139F29C48F510024C775 /* RMCharacterEpisodeCollectionViewCell.swift */ = {isa = PBXFileReference; lastKnownFileType = sourcecode.swift; path = RMCharacterEpisodeCollectionViewCell.swift; sourceTree = "<group>"; };
		BBB413A129C48F5A0024C775 /* RMCharacterInfoCollectionViewCell.swift */ = {isa = PBXFileReference; lastKnownFileType = sourcecode.swift; path = RMCharacterInfoCollectionViewCell.swift; sourceTree = "<group>"; };
		BBB413A329C48F6C0024C775 /* RMCharacterPhotoCollectionViewCellViewModel.swift */ = {isa = PBXFileReference; lastKnownFileType = sourcecode.swift; path = RMCharacterPhotoCollectionViewCellViewModel.swift; sourceTree = "<group>"; };
		BBB413A729C48F800024C775 /* RMCharacterEpisodeCollectionViewCellViewModel.swift */ = {isa = PBXFileReference; lastKnownFileType = sourcecode.swift; path = RMCharacterEpisodeCollectionViewCellViewModel.swift; sourceTree = "<group>"; };
		BBB413A929C48F8E0024C775 /* RMCharacterInfoCollectionViewCellViewModel.swift */ = {isa = PBXFileReference; lastKnownFileType = sourcecode.swift; path = RMCharacterInfoCollectionViewCellViewModel.swift; sourceTree = "<group>"; };
		BBB413AB29C5FB420024C775 /* RMEpisodeDetailViewController.swift */ = {isa = PBXFileReference; lastKnownFileType = sourcecode.swift; path = RMEpisodeDetailViewController.swift; sourceTree = "<group>"; };
		BBC2048429D8AB21008AD052 /* RMLocationDetailViewController.swift */ = {isa = PBXFileReference; lastKnownFileType = sourcecode.swift; path = RMLocationDetailViewController.swift; sourceTree = "<group>"; };
		BBC2048729D8AE6B008AD052 /* RMLocationDetailView.swift */ = {isa = PBXFileReference; lastKnownFileType = sourcecode.swift; path = RMLocationDetailView.swift; sourceTree = "<group>"; };
		BBC2048A29D8AFB3008AD052 /* RMLocationDetailViewViewModel.swift */ = {isa = PBXFileReference; lastKnownFileType = sourcecode.swift; path = RMLocationDetailViewViewModel.swift; sourceTree = "<group>"; };
		BBC6EABB299822560034355F /* Rick&MortyApp.app */ = {isa = PBXFileReference; explicitFileType = wrapper.application; includeInIndex = 0; path = "Rick&MortyApp.app"; sourceTree = BUILT_PRODUCTS_DIR; };
		BBC6EABE299822560034355F /* AppDelegate.swift */ = {isa = PBXFileReference; lastKnownFileType = sourcecode.swift; path = AppDelegate.swift; sourceTree = "<group>"; };
		BBC6EAC0299822560034355F /* SceneDelegate.swift */ = {isa = PBXFileReference; lastKnownFileType = sourcecode.swift; path = SceneDelegate.swift; sourceTree = "<group>"; };
		BBC6EAC2299822560034355F /* RMTabBarController.swift */ = {isa = PBXFileReference; lastKnownFileType = sourcecode.swift; path = RMTabBarController.swift; sourceTree = "<group>"; };
		BBC6EAC8299822560034355F /* Rick_MortyApp.xcdatamodel */ = {isa = PBXFileReference; lastKnownFileType = wrapper.xcdatamodel; path = Rick_MortyApp.xcdatamodel; sourceTree = "<group>"; };
		BBC6EACA299822580034355F /* Assets.xcassets */ = {isa = PBXFileReference; lastKnownFileType = folder.assetcatalog; path = Assets.xcassets; sourceTree = "<group>"; };
		BBC6EACD299822580034355F /* Base */ = {isa = PBXFileReference; lastKnownFileType = file.storyboard; name = Base; path = Base.lproj/LaunchScreen.storyboard; sourceTree = "<group>"; };
		BBC6EACF299822580034355F /* Info.plist */ = {isa = PBXFileReference; lastKnownFileType = text.plist.xml; path = Info.plist; sourceTree = "<group>"; };
		BBC6EAD4299822580034355F /* Rick&MortyAppTests.xctest */ = {isa = PBXFileReference; explicitFileType = wrapper.cfbundle; includeInIndex = 0; path = "Rick&MortyAppTests.xctest"; sourceTree = BUILT_PRODUCTS_DIR; };
		BBC6EAD8299822580034355F /* Rick_MortyAppTests.swift */ = {isa = PBXFileReference; lastKnownFileType = sourcecode.swift; path = Rick_MortyAppTests.swift; sourceTree = "<group>"; };
		BBC6EADE299822580034355F /* Rick&MortyAppUITests.xctest */ = {isa = PBXFileReference; explicitFileType = wrapper.cfbundle; includeInIndex = 0; path = "Rick&MortyAppUITests.xctest"; sourceTree = BUILT_PRODUCTS_DIR; };
		BBC6EAE2299822580034355F /* Rick_MortyAppUITests.swift */ = {isa = PBXFileReference; lastKnownFileType = sourcecode.swift; path = Rick_MortyAppUITests.swift; sourceTree = "<group>"; };
		BBC6EAE4299822580034355F /* Rick_MortyAppUITestsLaunchTests.swift */ = {isa = PBXFileReference; lastKnownFileType = sourcecode.swift; path = Rick_MortyAppUITestsLaunchTests.swift; sourceTree = "<group>"; };
		BBC6EAFA299C049A0034355F /* RMCharactersViewController.swift */ = {isa = PBXFileReference; lastKnownFileType = sourcecode.swift; path = RMCharactersViewController.swift; sourceTree = "<group>"; };
		BBC6EAFC299C04A80034355F /* RMLocationsViewController.swift */ = {isa = PBXFileReference; lastKnownFileType = sourcecode.swift; path = RMLocationsViewController.swift; sourceTree = "<group>"; };
		BBC6EAFE299C04B20034355F /* RMEpisodesViewController.swift */ = {isa = PBXFileReference; lastKnownFileType = sourcecode.swift; path = RMEpisodesViewController.swift; sourceTree = "<group>"; };
		BBC6EB00299C04BB0034355F /* RMSettingsViewController.swift */ = {isa = PBXFileReference; lastKnownFileType = sourcecode.swift; path = RMSettingsViewController.swift; sourceTree = "<group>"; };
		BBC6EB02299C05620034355F /* RMLocation.swift */ = {isa = PBXFileReference; lastKnownFileType = sourcecode.swift; path = RMLocation.swift; sourceTree = "<group>"; };
		BBC6EB04299C05690034355F /* RMEpisode.swift */ = {isa = PBXFileReference; lastKnownFileType = sourcecode.swift; path = RMEpisode.swift; sourceTree = "<group>"; };
		BBC6EB06299C05710034355F /* RMCharacter.swift */ = {isa = PBXFileReference; lastKnownFileType = sourcecode.swift; path = RMCharacter.swift; sourceTree = "<group>"; };
		BBC6EB08299D0A050034355F /* RMService.swift */ = {isa = PBXFileReference; lastKnownFileType = sourcecode.swift; path = RMService.swift; sourceTree = "<group>"; };
		BBC6EB0A299D0A100034355F /* RMRequest.swift */ = {isa = PBXFileReference; lastKnownFileType = sourcecode.swift; path = RMRequest.swift; sourceTree = "<group>"; };
		BBC6EB0C299D0A1C0034355F /* RMEndpoint.swift */ = {isa = PBXFileReference; lastKnownFileType = sourcecode.swift; path = RMEndpoint.swift; sourceTree = "<group>"; };
		BBCD282529A3AAE700085236 /* RMCharacterCollectionViewCell.swift */ = {isa = PBXFileReference; lastKnownFileType = sourcecode.swift; path = RMCharacterCollectionViewCell.swift; sourceTree = "<group>"; };
		BBCD282729A3AC4900085236 /* RMCharacterCollectionViewCellViewModel.swift */ = {isa = PBXFileReference; lastKnownFileType = sourcecode.swift; path = RMCharacterCollectionViewCellViewModel.swift; sourceTree = "<group>"; };
		BBE104CF29D45C890085C2F0 /* RMLocationView.swift */ = {isa = PBXFileReference; lastKnownFileType = sourcecode.swift; path = RMLocationView.swift; sourceTree = "<group>"; };
		BBE104D229D462A20085C2F0 /* RMLocationViewViewModel.swift */ = {isa = PBXFileReference; lastKnownFileType = sourcecode.swift; path = RMLocationViewViewModel.swift; sourceTree = "<group>"; };
		BBE104D429D46B180085C2F0 /* RMGetAllLocationsResponse.swift */ = {isa = PBXFileReference; lastKnownFileType = sourcecode.swift; path = RMGetAllLocationsResponse.swift; sourceTree = "<group>"; };
		BBE104D629D617C50085C2F0 /* RMLocationTableViewCell.swift */ = {isa = PBXFileReference; lastKnownFileType = sourcecode.swift; path = RMLocationTableViewCell.swift; sourceTree = "<group>"; };
		BBE104D829D6182F0085C2F0 /* RMLocationTableViewCellViewModel.swift */ = {isa = PBXFileReference; lastKnownFileType = sourcecode.swift; path = RMLocationTableViewCellViewModel.swift; sourceTree = "<group>"; };
		BBE9788D29B36424007FA744 /* RMCharacterDetailViewController.swift */ = {isa = PBXFileReference; lastKnownFileType = sourcecode.swift; path = RMCharacterDetailViewController.swift; sourceTree = "<group>"; };
		BBE9788F29B364F4007FA744 /* RMCharacterDetailView.swift */ = {isa = PBXFileReference; lastKnownFileType = sourcecode.swift; path = RMCharacterDetailView.swift; sourceTree = "<group>"; };
		BBE9789129B3650F007FA744 /* RMCharacterDetailViewViewModel.swift */ = {isa = PBXFileReference; lastKnownFileType = sourcecode.swift; path = RMCharacterDetailViewViewModel.swift; sourceTree = "<group>"; };
		BBE9789329B37572007FA744 /* RMFooterLoadingCollectionReusableView.swift */ = {isa = PBXFileReference; lastKnownFileType = sourcecode.swift; path = RMFooterLoadingCollectionReusableView.swift; sourceTree = "<group>"; };
		BBF59BF429CC60EE00676DEB /* RMAPICacheManager.swift */ = {isa = PBXFileReference; lastKnownFileType = sourcecode.swift; path = RMAPICacheManager.swift; sourceTree = "<group>"; };
		BBF59BF629CC659400676DEB /* RMEpisodeDetailView.swift */ = {isa = PBXFileReference; lastKnownFileType = sourcecode.swift; path = RMEpisodeDetailView.swift; sourceTree = "<group>"; };
		BBF59BF829CC65CF00676DEB /* RMEpisodeDetailViewViewModel.swift */ = {isa = PBXFileReference; lastKnownFileType = sourcecode.swift; path = RMEpisodeDetailViewViewModel.swift; sourceTree = "<group>"; };
		BBF59BFE29CC7D5000676DEB /* RMEpisodeListView.swift */ = {isa = PBXFileReference; lastKnownFileType = sourcecode.swift; path = RMEpisodeListView.swift; sourceTree = "<group>"; };
		BBF59C0029CC7F3400676DEB /* RMEpisodeListViewViewModel.swift */ = {isa = PBXFileReference; lastKnownFileType = sourcecode.swift; path = RMEpisodeListViewViewModel.swift; sourceTree = "<group>"; };
		BBF59C0229CC86C300676DEB /* RMGetAllEpisodesResponse.swift */ = {isa = PBXFileReference; lastKnownFileType = sourcecode.swift; path = RMGetAllEpisodesResponse.swift; sourceTree = "<group>"; };
		BBF59C0429CC937E00676DEB /* RMSearchViewController.swift */ = {isa = PBXFileReference; lastKnownFileType = sourcecode.swift; path = RMSearchViewController.swift; sourceTree = "<group>"; };
		BBFA3A67299D11EB00C921D0 /* RMOrigin.swift */ = {isa = PBXFileReference; lastKnownFileType = sourcecode.swift; path = RMOrigin.swift; sourceTree = "<group>"; };
		BBFA3A69299D121A00C921D0 /* RMSingleLocation.swift */ = {isa = PBXFileReference; lastKnownFileType = sourcecode.swift; path = RMSingleLocation.swift; sourceTree = "<group>"; };
		BBFA3A6B299D13BA00C921D0 /* RMCharacterStatus.swift */ = {isa = PBXFileReference; lastKnownFileType = sourcecode.swift; path = RMCharacterStatus.swift; sourceTree = "<group>"; };
		BBFA3A6D299D145C00C921D0 /* RMCharacterGender.swift */ = {isa = PBXFileReference; lastKnownFileType = sourcecode.swift; path = RMCharacterGender.swift; sourceTree = "<group>"; };
/* End PBXFileReference section */

/* Begin PBXFrameworksBuildPhase section */
		BBC6EAB8299822560034355F /* Frameworks */ = {
			isa = PBXFrameworksBuildPhase;
			buildActionMask = 2147483647;
			files = (
			);
			runOnlyForDeploymentPostprocessing = 0;
		};
		BBC6EAD1299822580034355F /* Frameworks */ = {
			isa = PBXFrameworksBuildPhase;
			buildActionMask = 2147483647;
			files = (
			);
			runOnlyForDeploymentPostprocessing = 0;
		};
		BBC6EADB299822580034355F /* Frameworks */ = {
			isa = PBXFrameworksBuildPhase;
			buildActionMask = 2147483647;
			files = (
			);
			runOnlyForDeploymentPostprocessing = 0;
		};
/* End PBXFrameworksBuildPhase section */

/* Begin PBXGroup section */
		BB104C0629A0FB1A000A176F /* DataTypes */ = {
			isa = PBXGroup;
			children = (
				BBC6EB02299C05620034355F /* RMLocation.swift */,
				BBC6EB04299C05690034355F /* RMEpisode.swift */,
				BBC6EB06299C05710034355F /* RMCharacter.swift */,
				BBFA3A67299D11EB00C921D0 /* RMOrigin.swift */,
				BBFA3A69299D121A00C921D0 /* RMSingleLocation.swift */,
				BBFA3A6B299D13BA00C921D0 /* RMCharacterStatus.swift */,
				BBFA3A6D299D145C00C921D0 /* RMCharacterGender.swift */,
			);
			path = DataTypes;
			sourceTree = "<group>";
		};
		BB104C0729A0FB2B000A176F /* APIResponseTypes */ = {
			isa = PBXGroup;
			children = (
				BB104C0829A0FB53000A176F /* RMGetAllCharactersResponse.swift */,
				BBF59C0229CC86C300676DEB /* RMGetAllEpisodesResponse.swift */,
				BBE104D429D46B180085C2F0 /* RMGetAllLocationsResponse.swift */,
			);
			path = APIResponseTypes;
			sourceTree = "<group>";
		};
		BB104C0E29A11898000A176F /* Extensions */ = {
			isa = PBXGroup;
			children = (
				BB104C0F29A118B7000A176F /* UIView + Ext.swift */,
			);
			path = Extensions;
			sourceTree = "<group>";
		};
		BBA66A4C29D03F60007C54E1 /* EpisodeDetail */ = {
			isa = PBXGroup;
			children = (
				BBF59BF629CC659400676DEB /* RMEpisodeDetailView.swift */,
				BBA66A4D29D03F88007C54E1 /* RMEpisodeInfoCollectionViewCell.swift */,
			);
			path = EpisodeDetail;
			sourceTree = "<group>";
		};
		BBA66A4F29D03FA4007C54E1 /* EpisodeDetail */ = {
			isa = PBXGroup;
			children = (
				BBF59BF829CC65CF00676DEB /* RMEpisodeDetailViewViewModel.swift */,
				BBA66A5029D03FC0007C54E1 /* RMEpisodeInfoCollectionViewCellViewModel.swift */,
			);
			path = EpisodeDetail;
			sourceTree = "<group>";
		};
		BBA66A5229D07353007C54E1 /* Setting */ = {
			isa = PBXGroup;
			children = (
				BBA66A5329D0736F007C54E1 /* RMSettingsViewViewModel.swift */,
				BBA66A5529D07392007C54E1 /* RMSettingsCellViewModel.swift */,
				BBA66A5729D073BE007C54E1 /* RMSettingsOption.swift */,
			);
			path = Setting;
			sourceTree = "<group>";
		};
		BBA66A5929D07C91007C54E1 /* Settings-SwiftUI */ = {
			isa = PBXGroup;
			children = (
				BBA66A5A29D07CB7007C54E1 /* RMSettingsView.swift */,
			);
			path = "Settings-SwiftUI";
			sourceTree = "<group>";
		};
		BBB4139929C48ECE0024C775 /* CharacterDetail */ = {
			isa = PBXGroup;
			children = (
				BBE9788F29B364F4007FA744 /* RMCharacterDetailView.swift */,
				BBB4139D29C48F3F0024C775 /* RMCharacterPhotoCollectionViewCell.swift */,
				BBB4139F29C48F510024C775 /* RMCharacterEpisodeCollectionViewCell.swift */,
				BBB413A129C48F5A0024C775 /* RMCharacterInfoCollectionViewCell.swift */,
			);
			path = CharacterDetail;
			sourceTree = "<group>";
		};
		BBB4139A29C48EE20024C775 /* Character */ = {
			isa = PBXGroup;
			children = (
				BB104C0C29A1075C000A176F /* RMCharacterListView.swift */,
				BBCD282529A3AAE700085236 /* RMCharacterCollectionViewCell.swift */,
			);
			path = Character;
			sourceTree = "<group>";
		};
		BBB4139B29C48EEE0024C775 /* CharacterDetail */ = {
			isa = PBXGroup;
			children = (
				BBE9789129B3650F007FA744 /* RMCharacterDetailViewViewModel.swift */,
				BBB413A329C48F6C0024C775 /* RMCharacterPhotoCollectionViewCellViewModel.swift */,
				BBB413A729C48F800024C775 /* RMCharacterEpisodeCollectionViewCellViewModel.swift */,
				BBB413A929C48F8E0024C775 /* RMCharacterInfoCollectionViewCellViewModel.swift */,
			);
			path = CharacterDetail;
			sourceTree = "<group>";
		};
		BBB4139C29C48F020024C775 /* Character */ = {
			isa = PBXGroup;
			children = (
				BB104C0A29A105FC000A176F /* RMCharacterListViewViewModel.swift */,
				BBCD282729A3AC4900085236 /* RMCharacterCollectionViewCellViewModel.swift */,
			);
			path = Character;
			sourceTree = "<group>";
		};
		BBC2048629D8AE4E008AD052 /* LocationDetail */ = {
			isa = PBXGroup;
			children = (
				BBC2048729D8AE6B008AD052 /* RMLocationDetailView.swift */,
			);
			path = LocationDetail;
			sourceTree = "<group>";
		};
		BBC2048929D8AFA1008AD052 /* LocationDetail */ = {
			isa = PBXGroup;
			children = (
				BBC2048A29D8AFB3008AD052 /* RMLocationDetailViewViewModel.swift */,
			);
			path = LocationDetail;
			sourceTree = "<group>";
		};
		BBC6EAB2299822560034355F = {
			isa = PBXGroup;
			children = (
				BBC6EABD299822560034355F /* Rick&MortyApp */,
				BBC6EAD7299822580034355F /* Rick&MortyAppTests */,
				BBC6EAE1299822580034355F /* Rick&MortyAppUITests */,
				BBC6EABC299822560034355F /* Products */,
			);
			sourceTree = "<group>";
		};
		BBC6EABC299822560034355F /* Products */ = {
			isa = PBXGroup;
			children = (
				BBC6EABB299822560034355F /* Rick&MortyApp.app */,
				BBC6EAD4299822580034355F /* Rick&MortyAppTests.xctest */,
				BBC6EADE299822580034355F /* Rick&MortyAppUITests.xctest */,
			);
			name = Products;
			sourceTree = "<group>";
		};
		BBC6EABD299822560034355F /* Rick&MortyApp */ = {
			isa = PBXGroup;
			children = (
				BB104C0E29A11898000A176F /* Extensions */,
				BBC6EAF5299C03490034355F /* Resources */,
				BBC6EAF7299C035B0034355F /* Managers */,
				BBC6EAF6299C03510034355F /* APIManager */,
				BBC6EAF4299C03420034355F /* Models */,
				BBC6EAF3299C033B0034355F /* ViewModels */,
				BBC6EAF2299C03360034355F /* Views */,
				BBC6EAF1299C032F0034355F /* Controllers */,
				BBC6EACF299822580034355F /* Info.plist */,
			);
			path = "Rick&MortyApp";
			sourceTree = "<group>";
		};
		BBC6EAD7299822580034355F /* Rick&MortyAppTests */ = {
			isa = PBXGroup;
			children = (
				BBC6EAD8299822580034355F /* Rick_MortyAppTests.swift */,
			);
			path = "Rick&MortyAppTests";
			sourceTree = "<group>";
		};
		BBC6EAE1299822580034355F /* Rick&MortyAppUITests */ = {
			isa = PBXGroup;
			children = (
				BBC6EAE2299822580034355F /* Rick_MortyAppUITests.swift */,
				BBC6EAE4299822580034355F /* Rick_MortyAppUITestsLaunchTests.swift */,
			);
			path = "Rick&MortyAppUITests";
			sourceTree = "<group>";
		};
		BBC6EAF1299C032F0034355F /* Controllers */ = {
			isa = PBXGroup;
			children = (
				BBE9788C29B3613C007FA744 /* Other */,
				BBC6EAF8299C03680034355F /* Core */,
			);
			path = Controllers;
			sourceTree = "<group>";
		};
		BBC6EAF2299C03360034355F /* Views */ = {
			isa = PBXGroup;
			children = (
				BBC2048629D8AE4E008AD052 /* LocationDetail */,
				BBE104CE29D45C6F0085C2F0 /* Location */,
				BBA66A5929D07C91007C54E1 /* Settings-SwiftUI */,
				BBA66A4C29D03F60007C54E1 /* EpisodeDetail */,
				BBF59BFB29CC796F00676DEB /* Episode */,
				BBB4139929C48ECE0024C775 /* CharacterDetail */,
				BBB4139A29C48EE20024C775 /* Character */,
				BBE9789329B37572007FA744 /* RMFooterLoadingCollectionReusableView.swift */,
			);
			path = Views;
			sourceTree = "<group>";
		};
		BBC6EAF3299C033B0034355F /* ViewModels */ = {
			isa = PBXGroup;
			children = (
				BBC2048929D8AFA1008AD052 /* LocationDetail */,
				BBE104D129D462900085C2F0 /* Location */,
				BBA66A5229D07353007C54E1 /* Setting */,
				BBA66A4F29D03FA4007C54E1 /* EpisodeDetail */,
				BBF59BFA29CC792100676DEB /* Episode */,
				BBB4139C29C48F020024C775 /* Character */,
				BBB4139B29C48EEE0024C775 /* CharacterDetail */,
			);
			path = ViewModels;
			sourceTree = "<group>";
		};
		BBC6EAF4299C03420034355F /* Models */ = {
			isa = PBXGroup;
			children = (
				BB104C0729A0FB2B000A176F /* APIResponseTypes */,
				BB104C0629A0FB1A000A176F /* DataTypes */,
			);
			path = Models;
			sourceTree = "<group>";
		};
		BBC6EAF5299C03490034355F /* Resources */ = {
			isa = PBXGroup;
			children = (
				BBC6EABE299822560034355F /* AppDelegate.swift */,
				BBC6EAC0299822560034355F /* SceneDelegate.swift */,
				BBC6EACA299822580034355F /* Assets.xcassets */,
				BBC6EACC299822580034355F /* LaunchScreen.storyboard */,
				BBC6EAC7299822560034355F /* Rick_MortyApp.xcdatamodeld */,
			);
			path = Resources;
			sourceTree = "<group>";
		};
		BBC6EAF6299C03510034355F /* APIManager */ = {
			isa = PBXGroup;
			children = (
				BBC6EB08299D0A050034355F /* RMService.swift */,
				BBC6EB0A299D0A100034355F /* RMRequest.swift */,
				BBC6EB0C299D0A1C0034355F /* RMEndpoint.swift */,
			);
			path = APIManager;
			sourceTree = "<group>";
		};
		BBC6EAF7299C035B0034355F /* Managers */ = {
			isa = PBXGroup;
			children = (
				BBB4139729C1A2360024C775 /* RMImageLoader.swift */,
				BBF59BF429CC60EE00676DEB /* RMAPICacheManager.swift */,
			);
			path = Managers;
			sourceTree = "<group>";
		};
		BBC6EAF8299C03680034355F /* Core */ = {
			isa = PBXGroup;
			children = (
				BBC6EAC2299822560034355F /* RMTabBarController.swift */,
				BBC6EAFA299C049A0034355F /* RMCharactersViewController.swift */,
				BBC6EAFC299C04A80034355F /* RMLocationsViewController.swift */,
				BBC6EAFE299C04B20034355F /* RMEpisodesViewController.swift */,
				BBC6EB00299C04BB0034355F /* RMSettingsViewController.swift */,
			);
			path = Core;
			sourceTree = "<group>";
		};
		BBE104CE29D45C6F0085C2F0 /* Location */ = {
			isa = PBXGroup;
			children = (
				BBE104CF29D45C890085C2F0 /* RMLocationView.swift */,
				BBE104D629D617C50085C2F0 /* RMLocationTableViewCell.swift */,
			);
			path = Location;
			sourceTree = "<group>";
		};
		BBE104D129D462900085C2F0 /* Location */ = {
			isa = PBXGroup;
			children = (
				BBE104D229D462A20085C2F0 /* RMLocationViewViewModel.swift */,
				BBE104D829D6182F0085C2F0 /* RMLocationTableViewCellViewModel.swift */,
			);
			path = Location;
			sourceTree = "<group>";
		};
		BBE9788C29B3613C007FA744 /* Other */ = {
			isa = PBXGroup;
			children = (
				BBE9788D29B36424007FA744 /* RMCharacterDetailViewController.swift */,
				BBB413AB29C5FB420024C775 /* RMEpisodeDetailViewController.swift */,
				BBF59C0429CC937E00676DEB /* RMSearchViewController.swift */,
				BBC2048429D8AB21008AD052 /* RMLocationDetailViewController.swift */,
			);
			path = Other;
			sourceTree = "<group>";
		};
		BBF59BFA29CC792100676DEB /* Episode */ = {
			isa = PBXGroup;
			children = (
				BBF59C0029CC7F3400676DEB /* RMEpisodeListViewViewModel.swift */,
			);
			path = Episode;
			sourceTree = "<group>";
		};
		BBF59BFB29CC796F00676DEB /* Episode */ = {
			isa = PBXGroup;
			children = (
				BBF59BFE29CC7D5000676DEB /* RMEpisodeListView.swift */,
			);
			path = Episode;
			sourceTree = "<group>";
		};
/* End PBXGroup section */

/* Begin PBXNativeTarget section */
		BBC6EABA299822560034355F /* Rick&MortyApp */ = {
			isa = PBXNativeTarget;
			buildConfigurationList = BBC6EAE8299822580034355F /* Build configuration list for PBXNativeTarget "Rick&MortyApp" */;
			buildPhases = (
				BBC6EAB7299822560034355F /* Sources */,
				BBC6EAB8299822560034355F /* Frameworks */,
				BBC6EAB9299822560034355F /* Resources */,
			);
			buildRules = (
			);
			dependencies = (
			);
			name = "Rick&MortyApp";
			productName = "Rick&MortyApp";
			productReference = BBC6EABB299822560034355F /* Rick&MortyApp.app */;
			productType = "com.apple.product-type.application";
		};
		BBC6EAD3299822580034355F /* Rick&MortyAppTests */ = {
			isa = PBXNativeTarget;
			buildConfigurationList = BBC6EAEB299822580034355F /* Build configuration list for PBXNativeTarget "Rick&MortyAppTests" */;
			buildPhases = (
				BBC6EAD0299822580034355F /* Sources */,
				BBC6EAD1299822580034355F /* Frameworks */,
				BBC6EAD2299822580034355F /* Resources */,
			);
			buildRules = (
			);
			dependencies = (
				BBC6EAD6299822580034355F /* PBXTargetDependency */,
			);
			name = "Rick&MortyAppTests";
			productName = "Rick&MortyAppTests";
			productReference = BBC6EAD4299822580034355F /* Rick&MortyAppTests.xctest */;
			productType = "com.apple.product-type.bundle.unit-test";
		};
		BBC6EADD299822580034355F /* Rick&MortyAppUITests */ = {
			isa = PBXNativeTarget;
			buildConfigurationList = BBC6EAEE299822580034355F /* Build configuration list for PBXNativeTarget "Rick&MortyAppUITests" */;
			buildPhases = (
				BBC6EADA299822580034355F /* Sources */,
				BBC6EADB299822580034355F /* Frameworks */,
				BBC6EADC299822580034355F /* Resources */,
			);
			buildRules = (
			);
			dependencies = (
				BBC6EAE0299822580034355F /* PBXTargetDependency */,
			);
			name = "Rick&MortyAppUITests";
			productName = "Rick&MortyAppUITests";
			productReference = BBC6EADE299822580034355F /* Rick&MortyAppUITests.xctest */;
			productType = "com.apple.product-type.bundle.ui-testing";
		};
/* End PBXNativeTarget section */

/* Begin PBXProject section */
		BBC6EAB3299822560034355F /* Project object */ = {
			isa = PBXProject;
			attributes = {
				BuildIndependentTargetsInParallel = 1;
				LastSwiftUpdateCheck = 1420;
				LastUpgradeCheck = 1420;
				TargetAttributes = {
					BBC6EABA299822560034355F = {
						CreatedOnToolsVersion = 14.2;
					};
					BBC6EAD3299822580034355F = {
						CreatedOnToolsVersion = 14.2;
						TestTargetID = BBC6EABA299822560034355F;
					};
					BBC6EADD299822580034355F = {
						CreatedOnToolsVersion = 14.2;
						TestTargetID = BBC6EABA299822560034355F;
					};
				};
			};
			buildConfigurationList = BBC6EAB6299822560034355F /* Build configuration list for PBXProject "Rick&MortyApp" */;
			compatibilityVersion = "Xcode 14.0";
			developmentRegion = en;
			hasScannedForEncodings = 0;
			knownRegions = (
				en,
				Base,
			);
			mainGroup = BBC6EAB2299822560034355F;
			productRefGroup = BBC6EABC299822560034355F /* Products */;
			projectDirPath = "";
			projectRoot = "";
			targets = (
				BBC6EABA299822560034355F /* Rick&MortyApp */,
				BBC6EAD3299822580034355F /* Rick&MortyAppTests */,
				BBC6EADD299822580034355F /* Rick&MortyAppUITests */,
			);
		};
/* End PBXProject section */

/* Begin PBXResourcesBuildPhase section */
		BBC6EAB9299822560034355F /* Resources */ = {
			isa = PBXResourcesBuildPhase;
			buildActionMask = 2147483647;
			files = (
				BBC6EACE299822580034355F /* LaunchScreen.storyboard in Resources */,
				BBC6EACB299822580034355F /* Assets.xcassets in Resources */,
			);
			runOnlyForDeploymentPostprocessing = 0;
		};
		BBC6EAD2299822580034355F /* Resources */ = {
			isa = PBXResourcesBuildPhase;
			buildActionMask = 2147483647;
			files = (
			);
			runOnlyForDeploymentPostprocessing = 0;
		};
		BBC6EADC299822580034355F /* Resources */ = {
			isa = PBXResourcesBuildPhase;
			buildActionMask = 2147483647;
			files = (
			);
			runOnlyForDeploymentPostprocessing = 0;
		};
/* End PBXResourcesBuildPhase section */

/* Begin PBXSourcesBuildPhase section */
		BBC6EAB7299822560034355F /* Sources */ = {
			isa = PBXSourcesBuildPhase;
			buildActionMask = 2147483647;
			files = (
				BBC6EB01299C04BB0034355F /* RMSettingsViewController.swift in Sources */,
				BBB413A229C48F5A0024C775 /* RMCharacterInfoCollectionViewCell.swift in Sources */,
				BBC6EAC3299822560034355F /* RMTabBarController.swift in Sources */,
				BBA66A5429D0736F007C54E1 /* RMSettingsViewViewModel.swift in Sources */,
				BBC6EB09299D0A050034355F /* RMService.swift in Sources */,
				BBF59C0129CC7F3400676DEB /* RMEpisodeListViewViewModel.swift in Sources */,
				BBC6EB05299C05690034355F /* RMEpisode.swift in Sources */,
				BBC6EABF299822560034355F /* AppDelegate.swift in Sources */,
				BBC6EB0D299D0A1C0034355F /* RMEndpoint.swift in Sources */,
				BBC6EAFF299C04B20034355F /* RMEpisodesViewController.swift in Sources */,
				BBA66A5829D073BE007C54E1 /* RMSettingsOption.swift in Sources */,
				BBC6EB0B299D0A100034355F /* RMRequest.swift in Sources */,
				BBC6EB03299C05620034355F /* RMLocation.swift in Sources */,
				BB104C0D29A1075C000A176F /* RMCharacterListView.swift in Sources */,
				BBFA3A6C299D13BA00C921D0 /* RMCharacterStatus.swift in Sources */,
				BBE9788E29B36424007FA744 /* RMCharacterDetailViewController.swift in Sources */,
				BBC6EAC9299822560034355F /* Rick_MortyApp.xcdatamodeld in Sources */,
				BBA66A5129D03FC0007C54E1 /* RMEpisodeInfoCollectionViewCellViewModel.swift in Sources */,
				BBFA3A6E299D145C00C921D0 /* RMCharacterGender.swift in Sources */,
				BBB4139E29C48F3F0024C775 /* RMCharacterPhotoCollectionViewCell.swift in Sources */,
				BBB413AC29C5FB420024C775 /* RMEpisodeDetailViewController.swift in Sources */,
				BBF59BF929CC65CF00676DEB /* RMEpisodeDetailViewViewModel.swift in Sources */,
				BBC6EAC1299822560034355F /* SceneDelegate.swift in Sources */,
				BB104C1029A118B7000A176F /* UIView + Ext.swift in Sources */,
				BBE9789229B3650F007FA744 /* RMCharacterDetailViewViewModel.swift in Sources */,
				BBC2048529D8AB21008AD052 /* RMLocationDetailViewController.swift in Sources */,
				BBFA3A6A299D121A00C921D0 /* RMSingleLocation.swift in Sources */,
				BBB413A829C48F800024C775 /* RMCharacterEpisodeCollectionViewCellViewModel.swift in Sources */,
				BBB4139829C1A2360024C775 /* RMImageLoader.swift in Sources */,
				BBE104D329D462A20085C2F0 /* RMLocationViewViewModel.swift in Sources */,
				BBC6EAFD299C04A80034355F /* RMLocationsViewController.swift in Sources */,
				BBC2048B29D8AFB3008AD052 /* RMLocationDetailViewViewModel.swift in Sources */,
				BBF59BFF29CC7D5000676DEB /* RMEpisodeListView.swift in Sources */,
				BBA66A4E29D03F88007C54E1 /* RMEpisodeInfoCollectionViewCell.swift in Sources */,
				BBA66A5629D07392007C54E1 /* RMSettingsCellViewModel.swift in Sources */,
				BBE9789029B364F4007FA744 /* RMCharacterDetailView.swift in Sources */,
				BBC2048829D8AE6B008AD052 /* RMLocationDetailView.swift in Sources */,
				BBC6EAFB299C049A0034355F /* RMCharactersViewController.swift in Sources */,
				BBA66A5B29D07CB7007C54E1 /* RMSettingsView.swift in Sources */,
				BBB413AA29C48F8E0024C775 /* RMCharacterInfoCollectionViewCellViewModel.swift in Sources */,
				BBF59C0529CC937E00676DEB /* RMSearchViewController.swift in Sources */,
				BBF59C0329CC86C300676DEB /* RMGetAllEpisodesResponse.swift in Sources */,
				BBE104D029D45C890085C2F0 /* RMLocationView.swift in Sources */,
				BB104C0929A0FB53000A176F /* RMGetAllCharactersResponse.swift in Sources */,
				BBF59BF729CC659400676DEB /* RMEpisodeDetailView.swift in Sources */,
				BBF59BF529CC60EE00676DEB /* RMAPICacheManager.swift in Sources */,
				BBCD282629A3AAE700085236 /* RMCharacterCollectionViewCell.swift in Sources */,
				BBFA3A68299D11EB00C921D0 /* RMOrigin.swift in Sources */,
				BBE104D729D617C50085C2F0 /* RMLocationTableViewCell.swift in Sources */,
				BBE104D929D6182F0085C2F0 /* RMLocationTableViewCellViewModel.swift in Sources */,
				BBB413A429C48F6C0024C775 /* RMCharacterPhotoCollectionViewCellViewModel.swift in Sources */,
				BBE9789429B37572007FA744 /* RMFooterLoadingCollectionReusableView.swift in Sources */,
				BB104C0B29A105FC000A176F /* RMCharacterListViewViewModel.swift in Sources */,
				BBB413A029C48F510024C775 /* RMCharacterEpisodeCollectionViewCell.swift in Sources */,
				BBE104D529D46B180085C2F0 /* RMGetAllLocationsResponse.swift in Sources */,
				BBCD282829A3AC4900085236 /* RMCharacterCollectionViewCellViewModel.swift in Sources */,
				BBC6EB07299C05710034355F /* RMCharacter.swift in Sources */,
			);
			runOnlyForDeploymentPostprocessing = 0;
		};
		BBC6EAD0299822580034355F /* Sources */ = {
			isa = PBXSourcesBuildPhase;
			buildActionMask = 2147483647;
			files = (
				BBC6EAD9299822580034355F /* Rick_MortyAppTests.swift in Sources */,
			);
			runOnlyForDeploymentPostprocessing = 0;
		};
		BBC6EADA299822580034355F /* Sources */ = {
			isa = PBXSourcesBuildPhase;
			buildActionMask = 2147483647;
			files = (
				BBC6EAE3299822580034355F /* Rick_MortyAppUITests.swift in Sources */,
				BBC6EAE5299822580034355F /* Rick_MortyAppUITestsLaunchTests.swift in Sources */,
			);
			runOnlyForDeploymentPostprocessing = 0;
		};
/* End PBXSourcesBuildPhase section */

/* Begin PBXTargetDependency section */
		BBC6EAD6299822580034355F /* PBXTargetDependency */ = {
			isa = PBXTargetDependency;
			target = BBC6EABA299822560034355F /* Rick&MortyApp */;
			targetProxy = BBC6EAD5299822580034355F /* PBXContainerItemProxy */;
		};
		BBC6EAE0299822580034355F /* PBXTargetDependency */ = {
			isa = PBXTargetDependency;
			target = BBC6EABA299822560034355F /* Rick&MortyApp */;
			targetProxy = BBC6EADF299822580034355F /* PBXContainerItemProxy */;
		};
/* End PBXTargetDependency section */

/* Begin PBXVariantGroup section */
		BBC6EACC299822580034355F /* LaunchScreen.storyboard */ = {
			isa = PBXVariantGroup;
			children = (
				BBC6EACD299822580034355F /* Base */,
			);
			name = LaunchScreen.storyboard;
			sourceTree = "<group>";
		};
/* End PBXVariantGroup section */

/* Begin XCBuildConfiguration section */
		BBC6EAE6299822580034355F /* Debug */ = {
			isa = XCBuildConfiguration;
			buildSettings = {
				ALWAYS_SEARCH_USER_PATHS = NO;
				CLANG_ANALYZER_NONNULL = YES;
				CLANG_ANALYZER_NUMBER_OBJECT_CONVERSION = YES_AGGRESSIVE;
				CLANG_CXX_LANGUAGE_STANDARD = "gnu++20";
				CLANG_ENABLE_MODULES = YES;
				CLANG_ENABLE_OBJC_ARC = YES;
				CLANG_ENABLE_OBJC_WEAK = YES;
				CLANG_WARN_BLOCK_CAPTURE_AUTORELEASING = YES;
				CLANG_WARN_BOOL_CONVERSION = YES;
				CLANG_WARN_COMMA = YES;
				CLANG_WARN_CONSTANT_CONVERSION = YES;
				CLANG_WARN_DEPRECATED_OBJC_IMPLEMENTATIONS = YES;
				CLANG_WARN_DIRECT_OBJC_ISA_USAGE = YES_ERROR;
				CLANG_WARN_DOCUMENTATION_COMMENTS = YES;
				CLANG_WARN_EMPTY_BODY = YES;
				CLANG_WARN_ENUM_CONVERSION = YES;
				CLANG_WARN_INFINITE_RECURSION = YES;
				CLANG_WARN_INT_CONVERSION = YES;
				CLANG_WARN_NON_LITERAL_NULL_CONVERSION = YES;
				CLANG_WARN_OBJC_IMPLICIT_RETAIN_SELF = YES;
				CLANG_WARN_OBJC_LITERAL_CONVERSION = YES;
				CLANG_WARN_OBJC_ROOT_CLASS = YES_ERROR;
				CLANG_WARN_QUOTED_INCLUDE_IN_FRAMEWORK_HEADER = YES;
				CLANG_WARN_RANGE_LOOP_ANALYSIS = YES;
				CLANG_WARN_STRICT_PROTOTYPES = YES;
				CLANG_WARN_SUSPICIOUS_MOVE = YES;
				CLANG_WARN_UNGUARDED_AVAILABILITY = YES_AGGRESSIVE;
				CLANG_WARN_UNREACHABLE_CODE = YES;
				CLANG_WARN__DUPLICATE_METHOD_MATCH = YES;
				COPY_PHASE_STRIP = NO;
				DEBUG_INFORMATION_FORMAT = dwarf;
				ENABLE_STRICT_OBJC_MSGSEND = YES;
				ENABLE_TESTABILITY = YES;
				GCC_C_LANGUAGE_STANDARD = gnu11;
				GCC_DYNAMIC_NO_PIC = NO;
				GCC_NO_COMMON_BLOCKS = YES;
				GCC_OPTIMIZATION_LEVEL = 0;
				GCC_PREPROCESSOR_DEFINITIONS = (
					"DEBUG=1",
					"$(inherited)",
				);
				GCC_WARN_64_TO_32_BIT_CONVERSION = YES;
				GCC_WARN_ABOUT_RETURN_TYPE = YES_ERROR;
				GCC_WARN_UNDECLARED_SELECTOR = YES;
				GCC_WARN_UNINITIALIZED_AUTOS = YES_AGGRESSIVE;
				GCC_WARN_UNUSED_FUNCTION = YES;
				GCC_WARN_UNUSED_VARIABLE = YES;
				IPHONEOS_DEPLOYMENT_TARGET = 16.2;
				MTL_ENABLE_DEBUG_INFO = INCLUDE_SOURCE;
				MTL_FAST_MATH = YES;
				ONLY_ACTIVE_ARCH = YES;
				SDKROOT = iphoneos;
				SWIFT_ACTIVE_COMPILATION_CONDITIONS = DEBUG;
				SWIFT_OPTIMIZATION_LEVEL = "-Onone";
			};
			name = Debug;
		};
		BBC6EAE7299822580034355F /* Release */ = {
			isa = XCBuildConfiguration;
			buildSettings = {
				ALWAYS_SEARCH_USER_PATHS = NO;
				CLANG_ANALYZER_NONNULL = YES;
				CLANG_ANALYZER_NUMBER_OBJECT_CONVERSION = YES_AGGRESSIVE;
				CLANG_CXX_LANGUAGE_STANDARD = "gnu++20";
				CLANG_ENABLE_MODULES = YES;
				CLANG_ENABLE_OBJC_ARC = YES;
				CLANG_ENABLE_OBJC_WEAK = YES;
				CLANG_WARN_BLOCK_CAPTURE_AUTORELEASING = YES;
				CLANG_WARN_BOOL_CONVERSION = YES;
				CLANG_WARN_COMMA = YES;
				CLANG_WARN_CONSTANT_CONVERSION = YES;
				CLANG_WARN_DEPRECATED_OBJC_IMPLEMENTATIONS = YES;
				CLANG_WARN_DIRECT_OBJC_ISA_USAGE = YES_ERROR;
				CLANG_WARN_DOCUMENTATION_COMMENTS = YES;
				CLANG_WARN_EMPTY_BODY = YES;
				CLANG_WARN_ENUM_CONVERSION = YES;
				CLANG_WARN_INFINITE_RECURSION = YES;
				CLANG_WARN_INT_CONVERSION = YES;
				CLANG_WARN_NON_LITERAL_NULL_CONVERSION = YES;
				CLANG_WARN_OBJC_IMPLICIT_RETAIN_SELF = YES;
				CLANG_WARN_OBJC_LITERAL_CONVERSION = YES;
				CLANG_WARN_OBJC_ROOT_CLASS = YES_ERROR;
				CLANG_WARN_QUOTED_INCLUDE_IN_FRAMEWORK_HEADER = YES;
				CLANG_WARN_RANGE_LOOP_ANALYSIS = YES;
				CLANG_WARN_STRICT_PROTOTYPES = YES;
				CLANG_WARN_SUSPICIOUS_MOVE = YES;
				CLANG_WARN_UNGUARDED_AVAILABILITY = YES_AGGRESSIVE;
				CLANG_WARN_UNREACHABLE_CODE = YES;
				CLANG_WARN__DUPLICATE_METHOD_MATCH = YES;
				COPY_PHASE_STRIP = NO;
				DEBUG_INFORMATION_FORMAT = "dwarf-with-dsym";
				ENABLE_NS_ASSERTIONS = NO;
				ENABLE_STRICT_OBJC_MSGSEND = YES;
				GCC_C_LANGUAGE_STANDARD = gnu11;
				GCC_NO_COMMON_BLOCKS = YES;
				GCC_WARN_64_TO_32_BIT_CONVERSION = YES;
				GCC_WARN_ABOUT_RETURN_TYPE = YES_ERROR;
				GCC_WARN_UNDECLARED_SELECTOR = YES;
				GCC_WARN_UNINITIALIZED_AUTOS = YES_AGGRESSIVE;
				GCC_WARN_UNUSED_FUNCTION = YES;
				GCC_WARN_UNUSED_VARIABLE = YES;
				IPHONEOS_DEPLOYMENT_TARGET = 16.2;
				MTL_ENABLE_DEBUG_INFO = NO;
				MTL_FAST_MATH = YES;
				SDKROOT = iphoneos;
				SWIFT_COMPILATION_MODE = wholemodule;
				SWIFT_OPTIMIZATION_LEVEL = "-O";
				VALIDATE_PRODUCT = YES;
			};
			name = Release;
		};
		BBC6EAE9299822580034355F /* Debug */ = {
			isa = XCBuildConfiguration;
			buildSettings = {
				ASSETCATALOG_COMPILER_APPICON_NAME = AppIcon;
				ASSETCATALOG_COMPILER_GLOBAL_ACCENT_COLOR_NAME = AccentColor;
				CODE_SIGN_STYLE = Automatic;
				CURRENT_PROJECT_VERSION = 1;
				DEVELOPMENT_TEAM = 7WTYA7M3KW;
				GENERATE_INFOPLIST_FILE = YES;
				INFOPLIST_FILE = "Rick&MortyApp/Info.plist";
				INFOPLIST_KEY_CFBundleDisplayName = "Rick & Morty";
				INFOPLIST_KEY_LSApplicationCategoryType = "public.app-category.education";
				INFOPLIST_KEY_UIApplicationSupportsIndirectInputEvents = YES;
				INFOPLIST_KEY_UILaunchStoryboardName = LaunchScreen;
				INFOPLIST_KEY_UISupportedInterfaceOrientations_iPad = "UIInterfaceOrientationPortrait UIInterfaceOrientationPortraitUpsideDown UIInterfaceOrientationLandscapeLeft UIInterfaceOrientationLandscapeRight";
				INFOPLIST_KEY_UISupportedInterfaceOrientations_iPhone = "UIInterfaceOrientationPortrait UIInterfaceOrientationLandscapeLeft UIInterfaceOrientationLandscapeRight";
				LD_RUNPATH_SEARCH_PATHS = (
					"$(inherited)",
					"@executable_path/Frameworks",
				);
				MARKETING_VERSION = 1.0;
				PRODUCT_BUNDLE_IDENTIFIER = "com.yusufcanbircan.Rick-MortyApp";
				PRODUCT_NAME = "$(TARGET_NAME)";
				SUPPORTED_PLATFORMS = "iphoneos iphonesimulator";
				SUPPORTS_MACCATALYST = NO;
				SUPPORTS_MAC_DESIGNED_FOR_IPHONE_IPAD = NO;
				SWIFT_EMIT_LOC_STRINGS = YES;
				SWIFT_VERSION = 5.0;
				TARGETED_DEVICE_FAMILY = "1,2";
			};
			name = Debug;
		};
		BBC6EAEA299822580034355F /* Release */ = {
			isa = XCBuildConfiguration;
			buildSettings = {
				ASSETCATALOG_COMPILER_APPICON_NAME = AppIcon;
				ASSETCATALOG_COMPILER_GLOBAL_ACCENT_COLOR_NAME = AccentColor;
				CODE_SIGN_STYLE = Automatic;
				CURRENT_PROJECT_VERSION = 1;
				DEVELOPMENT_TEAM = 7WTYA7M3KW;
				GENERATE_INFOPLIST_FILE = YES;
				INFOPLIST_FILE = "Rick&MortyApp/Info.plist";
				INFOPLIST_KEY_CFBundleDisplayName = "Rick & Morty";
				INFOPLIST_KEY_LSApplicationCategoryType = "public.app-category.education";
				INFOPLIST_KEY_UIApplicationSupportsIndirectInputEvents = YES;
				INFOPLIST_KEY_UILaunchStoryboardName = LaunchScreen;
				INFOPLIST_KEY_UISupportedInterfaceOrientations_iPad = "UIInterfaceOrientationPortrait UIInterfaceOrientationPortraitUpsideDown UIInterfaceOrientationLandscapeLeft UIInterfaceOrientationLandscapeRight";
				INFOPLIST_KEY_UISupportedInterfaceOrientations_iPhone = "UIInterfaceOrientationPortrait UIInterfaceOrientationLandscapeLeft UIInterfaceOrientationLandscapeRight";
				LD_RUNPATH_SEARCH_PATHS = (
					"$(inherited)",
					"@executable_path/Frameworks",
				);
				MARKETING_VERSION = 1.0;
				PRODUCT_BUNDLE_IDENTIFIER = "com.yusufcanbircan.Rick-MortyApp";
				PRODUCT_NAME = "$(TARGET_NAME)";
				SUPPORTED_PLATFORMS = "iphoneos iphonesimulator";
				SUPPORTS_MACCATALYST = NO;
				SUPPORTS_MAC_DESIGNED_FOR_IPHONE_IPAD = NO;
				SWIFT_EMIT_LOC_STRINGS = YES;
				SWIFT_VERSION = 5.0;
				TARGETED_DEVICE_FAMILY = "1,2";
			};
			name = Release;
		};
		BBC6EAEC299822580034355F /* Debug */ = {
			isa = XCBuildConfiguration;
			buildSettings = {
				ALWAYS_EMBED_SWIFT_STANDARD_LIBRARIES = YES;
				BUNDLE_LOADER = "$(TEST_HOST)";
				CODE_SIGN_STYLE = Automatic;
				CURRENT_PROJECT_VERSION = 1;
				DEVELOPMENT_TEAM = 7WTYA7M3KW;
				GENERATE_INFOPLIST_FILE = YES;
				IPHONEOS_DEPLOYMENT_TARGET = 16.2;
				MARKETING_VERSION = 1.0;
				PRODUCT_BUNDLE_IDENTIFIER = "com.yusufcanbircan.Rick-MortyAppTests";
				PRODUCT_NAME = "$(TARGET_NAME)";
				SWIFT_EMIT_LOC_STRINGS = NO;
				SWIFT_VERSION = 5.0;
				TARGETED_DEVICE_FAMILY = "1,2";
				TEST_HOST = "$(BUILT_PRODUCTS_DIR)/Rick&MortyApp.app/$(BUNDLE_EXECUTABLE_FOLDER_PATH)/Rick&MortyApp";
			};
			name = Debug;
		};
		BBC6EAED299822580034355F /* Release */ = {
			isa = XCBuildConfiguration;
			buildSettings = {
				ALWAYS_EMBED_SWIFT_STANDARD_LIBRARIES = YES;
				BUNDLE_LOADER = "$(TEST_HOST)";
				CODE_SIGN_STYLE = Automatic;
				CURRENT_PROJECT_VERSION = 1;
				DEVELOPMENT_TEAM = 7WTYA7M3KW;
				GENERATE_INFOPLIST_FILE = YES;
				IPHONEOS_DEPLOYMENT_TARGET = 16.2;
				MARKETING_VERSION = 1.0;
				PRODUCT_BUNDLE_IDENTIFIER = "com.yusufcanbircan.Rick-MortyAppTests";
				PRODUCT_NAME = "$(TARGET_NAME)";
				SWIFT_EMIT_LOC_STRINGS = NO;
				SWIFT_VERSION = 5.0;
				TARGETED_DEVICE_FAMILY = "1,2";
				TEST_HOST = "$(BUILT_PRODUCTS_DIR)/Rick&MortyApp.app/$(BUNDLE_EXECUTABLE_FOLDER_PATH)/Rick&MortyApp";
			};
			name = Release;
		};
		BBC6EAEF299822580034355F /* Debug */ = {
			isa = XCBuildConfiguration;
			buildSettings = {
				ALWAYS_EMBED_SWIFT_STANDARD_LIBRARIES = YES;
				CODE_SIGN_STYLE = Automatic;
				CURRENT_PROJECT_VERSION = 1;
				DEVELOPMENT_TEAM = 7WTYA7M3KW;
				GENERATE_INFOPLIST_FILE = YES;
				MARKETING_VERSION = 1.0;
				PRODUCT_BUNDLE_IDENTIFIER = "com.yusufcanbircan.Rick-MortyAppUITests";
				PRODUCT_NAME = "$(TARGET_NAME)";
				SWIFT_EMIT_LOC_STRINGS = NO;
				SWIFT_VERSION = 5.0;
				TARGETED_DEVICE_FAMILY = "1,2";
				TEST_TARGET_NAME = "Rick&MortyApp";
			};
			name = Debug;
		};
		BBC6EAF0299822580034355F /* Release */ = {
			isa = XCBuildConfiguration;
			buildSettings = {
				ALWAYS_EMBED_SWIFT_STANDARD_LIBRARIES = YES;
				CODE_SIGN_STYLE = Automatic;
				CURRENT_PROJECT_VERSION = 1;
				DEVELOPMENT_TEAM = 7WTYA7M3KW;
				GENERATE_INFOPLIST_FILE = YES;
				MARKETING_VERSION = 1.0;
				PRODUCT_BUNDLE_IDENTIFIER = "com.yusufcanbircan.Rick-MortyAppUITests";
				PRODUCT_NAME = "$(TARGET_NAME)";
				SWIFT_EMIT_LOC_STRINGS = NO;
				SWIFT_VERSION = 5.0;
				TARGETED_DEVICE_FAMILY = "1,2";
				TEST_TARGET_NAME = "Rick&MortyApp";
			};
			name = Release;
		};
/* End XCBuildConfiguration section */

/* Begin XCConfigurationList section */
		BBC6EAB6299822560034355F /* Build configuration list for PBXProject "Rick&MortyApp" */ = {
			isa = XCConfigurationList;
			buildConfigurations = (
				BBC6EAE6299822580034355F /* Debug */,
				BBC6EAE7299822580034355F /* Release */,
			);
			defaultConfigurationIsVisible = 0;
			defaultConfigurationName = Release;
		};
		BBC6EAE8299822580034355F /* Build configuration list for PBXNativeTarget "Rick&MortyApp" */ = {
			isa = XCConfigurationList;
			buildConfigurations = (
				BBC6EAE9299822580034355F /* Debug */,
				BBC6EAEA299822580034355F /* Release */,
			);
			defaultConfigurationIsVisible = 0;
			defaultConfigurationName = Release;
		};
		BBC6EAEB299822580034355F /* Build configuration list for PBXNativeTarget "Rick&MortyAppTests" */ = {
			isa = XCConfigurationList;
			buildConfigurations = (
				BBC6EAEC299822580034355F /* Debug */,
				BBC6EAED299822580034355F /* Release */,
			);
			defaultConfigurationIsVisible = 0;
			defaultConfigurationName = Release;
		};
		BBC6EAEE299822580034355F /* Build configuration list for PBXNativeTarget "Rick&MortyAppUITests" */ = {
			isa = XCConfigurationList;
			buildConfigurations = (
				BBC6EAEF299822580034355F /* Debug */,
				BBC6EAF0299822580034355F /* Release */,
			);
			defaultConfigurationIsVisible = 0;
			defaultConfigurationName = Release;
		};
/* End XCConfigurationList section */

/* Begin XCVersionGroup section */
		BBC6EAC7299822560034355F /* Rick_MortyApp.xcdatamodeld */ = {
			isa = XCVersionGroup;
			children = (
				BBC6EAC8299822560034355F /* Rick_MortyApp.xcdatamodel */,
			);
			currentVersion = BBC6EAC8299822560034355F /* Rick_MortyApp.xcdatamodel */;
			path = Rick_MortyApp.xcdatamodeld;
			sourceTree = "<group>";
			versionGroupType = wrapper.xcdatamodel;
		};
/* End XCVersionGroup section */
	};
	rootObject = BBC6EAB3299822560034355F /* Project object */;
}
